
Microsoft Visual Studio Solution File, Format Version 12.00
# Visual Studio Version 16
VisualStudioVersion = 16.0.30907.101
MinimumVisualStudioVersion = 10.0.40219.1
Project("{FAE04EC0-301F-11D3-BF4B-00C04F79EFBC}") = "WpfApp1", "WpfApp1\WpfApp1.csproj", "{43051A40-C2D5-4CDB-A4F5-3A9EDA507679}"
EndProject
Global
	GlobalSection(SolutionConfigurationPlatforms) = preSolution
		Debug|Any CPU = Debug|Any CPU
		Release|Any CPU = Release|Any CPU
	EndGlobalSection
	GlobalSection(ProjectConfigurationPlatforms) = postSolution
		{43051A40-C2D5-4CDB-A4F5-3A9EDA507679}.Debug|Any CPU.ActiveCfg = Debug|Any CPU
		{43051A40-C2D5-4CDB-A4F5-3A9EDA507679}.Debug|Any CPU.Build.0 = Debug|Any CPU
		{43051A40-C2D5-4CDB-A4F5-3A9EDA507679}.Release|Any CPU.ActiveCfg = Release|Any CPU
		{43051A40-C2D5-4CDB-A4F5-3A9EDA507679}.Release|Any CPU.Build.0 = Release|Any CPU
	EndGlobalSection
	GlobalSection(SolutionProperties) = preSolution
		HideSolutionNode = FALSE
	EndGlobalSection
	GlobalSection(ExtensibilityGlobals) = postSolution
		SolutionGuid = {B5773448-E5C1-4DAD-86EA-3BC1DC49A7C8}
	EndGlobalSection
EndGlobal
